
Microsoft Visual Studio Solution File, Format Version 12.00
# Visual Studio Version 17
VisualStudioVersion = 17.10.34928.147
MinimumVisualStudioVersion = 10.0.40219.1
Project("{9A19103F-16F7-4668-BE54-9A1E7A4F7556}") = "Order.API", "Order.API\Order.API.csproj", "{D5C6B8D0-5C02-41EC-8C30-630908758A14}"
EndProject
Project("{9A19103F-16F7-4668-BE54-9A1E7A4F7556}") = "Stock.API", "Stock.API\Stock.API.csproj", "{4BF9747D-8622-4D71-93C2-2663CD9B6DF1}"
EndProject
Project("{9A19103F-16F7-4668-BE54-9A1E7A4F7556}") = "Payment.API", "Payment.API\Payment.API.csproj", "{AB0EFD6B-6EDA-490E-A43C-7BB599DFF56D}"
EndProject
Project("{9A19103F-16F7-4668-BE54-9A1E7A4F7556}") = "Shared", "Shared\Shared.csproj", "{ABEB5386-66D7-4FCC-8C29-AF2B608DB8E2}"
EndProject
Project("{FAE04EC0-301F-11D3-BF4B-00C04F79EFBC}") = "SagaStateMachineWorkerService", "SagaStateMachineWorkerService\SagaStateMachineWorkerService.csproj", "{3473B111-3898-4FCA-A548-11406139332F}"
EndProject
Global
	GlobalSection(SolutionConfigurationPlatforms) = preSolution
		Debug|Any CPU = Debug|Any CPU
		Release|Any CPU = Release|Any CPU
	EndGlobalSection
	GlobalSection(ProjectConfigurationPlatforms) = postSolution
		{D5C6B8D0-5C02-41EC-8C30-630908758A14}.Debug|Any CPU.ActiveCfg = Debug|Any CPU
		{D5C6B8D0-5C02-41EC-8C30-630908758A14}.Debug|Any CPU.Build.0 = Debug|Any CPU
		{D5C6B8D0-5C02-41EC-8C30-630908758A14}.Release|Any CPU.ActiveCfg = Release|Any CPU
		{D5C6B8D0-5C02-41EC-8C30-630908758A14}.Release|Any CPU.Build.0 = Release|Any CPU
		{4BF9747D-8622-4D71-93C2-2663CD9B6DF1}.Debug|Any CPU.ActiveCfg = Debug|Any CPU
		{4BF9747D-8622-4D71-93C2-2663CD9B6DF1}.Debug|Any CPU.Build.0 = Debug|Any CPU
		{4BF9747D-8622-4D71-93C2-2663CD9B6DF1}.Release|Any CPU.ActiveCfg = Release|Any CPU
		{4BF9747D-8622-4D71-93C2-2663CD9B6DF1}.Release|Any CPU.Build.0 = Release|Any CPU
		{AB0EFD6B-6EDA-490E-A43C-7BB599DFF56D}.Debug|Any CPU.ActiveCfg = Debug|Any CPU
		{AB0EFD6B-6EDA-490E-A43C-7BB599DFF56D}.Debug|Any CPU.Build.0 = Debug|Any CPU
		{AB0EFD6B-6EDA-490E-A43C-7BB599DFF56D}.Release|Any CPU.ActiveCfg = Release|Any CPU
		{AB0EFD6B-6EDA-490E-A43C-7BB599DFF56D}.Release|Any CPU.Build.0 = Release|Any CPU
		{ABEB5386-66D7-4FCC-8C29-AF2B608DB8E2}.Debug|Any CPU.ActiveCfg = Debug|Any CPU
		{ABEB5386-66D7-4FCC-8C29-AF2B608DB8E2}.Debug|Any CPU.Build.0 = Debug|Any CPU
		{ABEB5386-66D7-4FCC-8C29-AF2B608DB8E2}.Release|Any CPU.ActiveCfg = Release|Any CPU
		{ABEB5386-66D7-4FCC-8C29-AF2B608DB8E2}.Release|Any CPU.Build.0 = Release|Any CPU
		{3473B111-3898-4FCA-A548-11406139332F}.Debug|Any CPU.ActiveCfg = Debug|Any CPU
		{3473B111-3898-4FCA-A548-11406139332F}.Debug|Any CPU.Build.0 = Debug|Any CPU
		{3473B111-3898-4FCA-A548-11406139332F}.Release|Any CPU.ActiveCfg = Release|Any CPU
		{3473B111-3898-4FCA-A548-11406139332F}.Release|Any CPU.Build.0 = Release|Any CPU
	EndGlobalSection
	GlobalSection(SolutionProperties) = preSolution
		HideSolutionNode = FALSE
	EndGlobalSection
	GlobalSection(ExtensibilityGlobals) = postSolution
		SolutionGuid = {9B5AD370-BC2F-40EF-9508-AAF65A314A6E}
	EndGlobalSection
EndGlobal
