
Microsoft Visual Studio Solution File, Format Version 12.00
# Visual Studio Version 17
VisualStudioVersion = 17.10.34928.147
MinimumVisualStudioVersion = 10.0.40219.1
Project("{FAE04EC0-301F-11D3-BF4B-00C04F79EFBC}") = "EventSourcing.Shared", "EventSourcing.Shared\EventSourcing.Shared.csproj", "{0C1B68F9-AC6A-41C3-93E1-70E6192570F6}"
EndProject
Project("{FAE04EC0-301F-11D3-BF4B-00C04F79EFBC}") = "EventSourcing.API", "EventSourcing.API\EventSourcing.API.csproj", "{D2CDAEA1-3CCB-4A1E-B999-53FFC44631C6}"
EndProject
Global
	GlobalSection(SolutionConfigurationPlatforms) = preSolution
		Debug|Any CPU = Debug|Any CPU
		Release|Any CPU = Release|Any CPU
	EndGlobalSection
	GlobalSection(ProjectConfigurationPlatforms) = postSolution
		{0C1B68F9-AC6A-41C3-93E1-70E6192570F6}.Debug|Any CPU.ActiveCfg = Debug|Any CPU
		{0C1B68F9-AC6A-41C3-93E1-70E6192570F6}.Debug|Any CPU.Build.0 = Debug|Any CPU
		{0C1B68F9-AC6A-41C3-93E1-70E6192570F6}.Release|Any CPU.ActiveCfg = Release|Any CPU
		{0C1B68F9-AC6A-41C3-93E1-70E6192570F6}.Release|Any CPU.Build.0 = Release|Any CPU
		{D2CDAEA1-3CCB-4A1E-B999-53FFC44631C6}.Debug|Any CPU.ActiveCfg = Debug|Any CPU
		{D2CDAEA1-3CCB-4A1E-B999-53FFC44631C6}.Debug|Any CPU.Build.0 = Debug|Any CPU
		{D2CDAEA1-3CCB-4A1E-B999-53FFC44631C6}.Release|Any CPU.ActiveCfg = Release|Any CPU
		{D2CDAEA1-3CCB-4A1E-B999-53FFC44631C6}.Release|Any CPU.Build.0 = Release|Any CPU
	EndGlobalSection
	GlobalSection(SolutionProperties) = preSolution
		HideSolutionNode = FALSE
	EndGlobalSection
	GlobalSection(ExtensibilityGlobals) = postSolution
		SolutionGuid = {9B5AD370-BC2F-40EF-9508-AAF65A314A6E}
	EndGlobalSection
EndGlobal
