
Microsoft Visual Studio Solution File, Format Version 12.00
# Visual Studio Version 17
VisualStudioVersion = 17.10.34928.147
MinimumVisualStudioVersion = 10.0.40219.1
Project("{FAE04EC0-301F-11D3-BF4B-00C04F79EFBC}") = "ServiceA.API", "ServiceA.API\ServiceA.API.csproj", "{1069E356-C586-4DDB-9E21-43E4988C21AC}"
EndProject
Project("{FAE04EC0-301F-11D3-BF4B-00C04F79EFBC}") = "ServiceB.API", "ServiceB.API\ServiceB.API.csproj", "{020AF26F-F633-43A5-A0C3-B8409EB93EFB}"
EndProject
Global
	GlobalSection(SolutionConfigurationPlatforms) = preSolution
		Debug|Any CPU = Debug|Any CPU
		Release|Any CPU = Release|Any CPU
	EndGlobalSection
	GlobalSection(ProjectConfigurationPlatforms) = postSolution
		{1069E356-C586-4DDB-9E21-43E4988C21AC}.Debug|Any CPU.ActiveCfg = Debug|Any CPU
		{1069E356-C586-4DDB-9E21-43E4988C21AC}.Debug|Any CPU.Build.0 = Debug|Any CPU
		{1069E356-C586-4DDB-9E21-43E4988C21AC}.Release|Any CPU.ActiveCfg = Release|Any CPU
		{1069E356-C586-4DDB-9E21-43E4988C21AC}.Release|Any CPU.Build.0 = Release|Any CPU
		{020AF26F-F633-43A5-A0C3-B8409EB93EFB}.Debug|Any CPU.ActiveCfg = Debug|Any CPU
		{020AF26F-F633-43A5-A0C3-B8409EB93EFB}.Debug|Any CPU.Build.0 = Debug|Any CPU
		{020AF26F-F633-43A5-A0C3-B8409EB93EFB}.Release|Any CPU.ActiveCfg = Release|Any CPU
		{020AF26F-F633-43A5-A0C3-B8409EB93EFB}.Release|Any CPU.Build.0 = Release|Any CPU
	EndGlobalSection
	GlobalSection(SolutionProperties) = preSolution
		HideSolutionNode = FALSE
	EndGlobalSection
	GlobalSection(ExtensibilityGlobals) = postSolution
		SolutionGuid = {9B5AD370-BC2F-40EF-9508-AAF65A314A6E}
	EndGlobalSection
EndGlobal
